
Microsoft Visual Studio Solution File, Format Version 12.00
# Visual Studio 15
VisualStudioVersion = 15.0.27428.1
MinimumVisualStudioVersion = 10.0.40219.1
Project("{FAE04EC0-301F-11D3-BF4B-00C04F79EFBC}") = "Data", "Data\Data.csproj", "{679B7203-3710-44BF-89BE-7176BAD2A2DE}"
EndProject
Project("{FAE04EC0-301F-11D3-BF4B-00C04F79EFBC}") = "ViewModel", "ViewModel\ViewModel.csproj", "{96A03636-B906-4473-9D78-4D0C47B6A00D}"
EndProject
Project("{FAE04EC0-301F-11D3-BF4B-00C04F79EFBC}") = "Application", "Application\Application.csproj", "{86FEDE9D-7BE7-4BD3-BBD0-6BE3811FC241}"
EndProject
Project("{FAE04EC0-301F-11D3-BF4B-00C04F79EFBC}") = "Helpers", "Helpers\Helpers.csproj", "{F26CEBC5-DA1F-4B41-AEC7-2426FB7FE2BF}"
EndProject
Global
	GlobalSection(SolutionConfigurationPlatforms) = preSolution
		Debug|Any CPU = Debug|Any CPU
		Release|Any CPU = Release|Any CPU
	EndGlobalSection
	GlobalSection(ProjectConfigurationPlatforms) = postSolution
		{679B7203-3710-44BF-89BE-7176BAD2A2DE}.Debug|Any CPU.ActiveCfg = Debug|Any CPU
		{679B7203-3710-44BF-89BE-7176BAD2A2DE}.Debug|Any CPU.Build.0 = Debug|Any CPU
		{679B7203-3710-44BF-89BE-7176BAD2A2DE}.Release|Any CPU.ActiveCfg = Release|Any CPU
		{679B7203-3710-44BF-89BE-7176BAD2A2DE}.Release|Any CPU.Build.0 = Release|Any CPU
		{96A03636-B906-4473-9D78-4D0C47B6A00D}.Debug|Any CPU.ActiveCfg = Debug|Any CPU
		{96A03636-B906-4473-9D78-4D0C47B6A00D}.Debug|Any CPU.Build.0 = Debug|Any CPU
		{96A03636-B906-4473-9D78-4D0C47B6A00D}.Release|Any CPU.ActiveCfg = Release|Any CPU
		{96A03636-B906-4473-9D78-4D0C47B6A00D}.Release|Any CPU.Build.0 = Release|Any CPU
		{86FEDE9D-7BE7-4BD3-BBD0-6BE3811FC241}.Debug|Any CPU.ActiveCfg = Debug|Any CPU
		{86FEDE9D-7BE7-4BD3-BBD0-6BE3811FC241}.Debug|Any CPU.Build.0 = Debug|Any CPU
		{86FEDE9D-7BE7-4BD3-BBD0-6BE3811FC241}.Release|Any CPU.ActiveCfg = Release|Any CPU
		{86FEDE9D-7BE7-4BD3-BBD0-6BE3811FC241}.Release|Any CPU.Build.0 = Release|Any CPU
		{F26CEBC5-DA1F-4B41-AEC7-2426FB7FE2BF}.Debug|Any CPU.ActiveCfg = Debug|Any CPU
		{F26CEBC5-DA1F-4B41-AEC7-2426FB7FE2BF}.Debug|Any CPU.Build.0 = Debug|Any CPU
		{F26CEBC5-DA1F-4B41-AEC7-2426FB7FE2BF}.Release|Any CPU.ActiveCfg = Release|Any CPU
		{F26CEBC5-DA1F-4B41-AEC7-2426FB7FE2BF}.Release|Any CPU.Build.0 = Release|Any CPU
	EndGlobalSection
	GlobalSection(SolutionProperties) = preSolution
		HideSolutionNode = FALSE
	EndGlobalSection
	GlobalSection(ExtensibilityGlobals) = postSolution
		SolutionGuid = {E6E9A449-2187-4582-A6ED-E774A9A9C6A3}
	EndGlobalSection
EndGlobal
